
Microsoft Visual Studio Solution File, Format Version 12.00
# Visual Studio Version 17
VisualStudioVersion = 17.0.32014.148
MinimumVisualStudioVersion = 10.0.40219.1
Project("{FAE04EC0-301F-11D3-BF4B-00C04F79EFBC}") = "WebApplication1", "WebApplication1.csproj", "{AE17B81D-8276-4BFA-8AEF-074D16681AB5}"
EndProject
Global
	GlobalSection(SolutionConfigurationPlatforms) = preSolution
		Debug|Any CPU = Debug|Any CPU
		Release|Any CPU = Release|Any CPU
	EndGlobalSection
	GlobalSection(ProjectConfigurationPlatforms) = postSolution
		{AE17B81D-8276-4BFA-8AEF-074D16681AB5}.Debug|Any CPU.ActiveCfg = Debug|Any CPU
		{AE17B81D-8276-4BFA-8AEF-074D16681AB5}.Debug|Any CPU.Build.0 = Debug|Any CPU
		{AE17B81D-8276-4BFA-8AEF-074D16681AB5}.Release|Any CPU.ActiveCfg = Release|Any CPU
		{AE17B81D-8276-4BFA-8AEF-074D16681AB5}.Release|Any CPU.Build.0 = Release|Any CPU
	EndGlobalSection
	GlobalSection(SolutionProperties) = preSolution
		HideSolutionNode = FALSE
	EndGlobalSection
	GlobalSection(ExtensibilityGlobals) = postSolution
		SolutionGuid = {8B86CD30-5E8A-4EF8-A09A-C192EF2A8213}
	EndGlobalSection
EndGlobal
